{
  "name": "generator-core",
  "version": "3.1.0-dev",
  "dependencies": {
    "optimist": {
      "version": "0.6.1",
      "from": "optimist@~0.6",
      "dependencies": {
        "wordwrap": {
          "version": "0.0.2",
          "from": "wordwrap@~0.0.2"
        },
        "minimist": {
          "version": "0.0.8",
          "from": "minimist@~0.0.1"
        }
      }
    },
    "q": {
      "version": "1.0.1",
      "from": "q@~1.0"
    },
    "semver": {
      "version": "2.2.1",
      "from": "semver@~2.2"
    }
  }
}
